
Microsoft Visual Studio Solution File, Format Version 12.00
# Visual Studio Version 17
VisualStudioVersion = 17.11.35312.102
MinimumVisualStudioVersion = 10.0.40219.1
Project("{FAE04EC0-301F-11D3-BF4B-00C04F79EFBC}") = "SADP_Kiosk_System", "SADP_Kiosk_System\SADP_Kiosk_System.csproj", "{FFBA8A5F-0926-4E1B-BA08-595B40602C7C}"
EndProject
Global
	GlobalSection(SolutionConfigurationPlatforms) = preSolution
		Debug|Any CPU = Debug|Any CPU
		Release|Any CPU = Release|Any CPU
	EndGlobalSection
	GlobalSection(ProjectConfigurationPlatforms) = postSolution
		{FFBA8A5F-0926-4E1B-BA08-595B40602C7C}.Debug|Any CPU.ActiveCfg = Debug|Any CPU
		{FFBA8A5F-0926-4E1B-BA08-595B40602C7C}.Debug|Any CPU.Build.0 = Debug|Any CPU
		{FFBA8A5F-0926-4E1B-BA08-595B40602C7C}.Release|Any CPU.ActiveCfg = Release|Any CPU
		{FFBA8A5F-0926-4E1B-BA08-595B40602C7C}.Release|Any CPU.Build.0 = Release|Any CPU
	EndGlobalSection
	GlobalSection(SolutionProperties) = preSolution
		HideSolutionNode = FALSE
	EndGlobalSection
	GlobalSection(ExtensibilityGlobals) = postSolution
		SolutionGuid = {EBCEF2F5-F396-473A-8E3B-8E0342F3EB76}
	EndGlobalSection
EndGlobal
